// !$*UTF8*$!
{
	archiveVersion = 1;
	classes = {
	};
	objectVersion = 48;
	objects = {

/* Begin PBXBuildFile section */
		336361911FBD77CE00355F6F /* TTTTTTViewController.m in Sources */ = {isa = PBXBuildFile; fileRef = 336361901FBD77CE00355F6F /* TTTTTTViewController.m */; };
		33FAA5FF1FBD660800EF7942 /* AppDelegate.m in Sources */ = {isa = PBXBuildFile; fileRef = 33FAA5FE1FBD660800EF7942 /* AppDelegate.m */; };
		33FAA6021FBD660800EF7942 /* ViewController.m in Sources */ = {isa = PBXBuildFile; fileRef = 33FAA6011FBD660800EF7942 /* ViewController.m */; };
		33FAA6051FBD660800EF7942 /* Main.storyboard in Resources */ = {isa = PBXBuildFile; fileRef = 33FAA6031FBD660800EF7942 /* Main.storyboard */; };
		33FAA6071FBD660800EF7942 /* Assets.xcassets in Resources */ = {isa = PBXBuildFile; fileRef = 33FAA6061FBD660800EF7942 /* Assets.xcassets */; };
		33FAA60A1FBD660800EF7942 /* LaunchScreen.storyboard in Resources */ = {isa = PBXBuildFile; fileRef = 33FAA6081FBD660800EF7942 /* LaunchScreen.storyboard */; };
		33FAA60D1FBD660800EF7942 /* main.m in Sources */ = {isa = PBXBuildFile; fileRef = 33FAA60C1FBD660800EF7942 /* main.m */; };
		33FAA6171FBD660900EF7942 /* testCocoaPodsTests.m in Sources */ = {isa = PBXBuildFile; fileRef = 33FAA6161FBD660900EF7942 /* testCocoaPodsTests.m */; };
		33FAA6221FBD660900EF7942 /* testCocoaPodsUITests.m in Sources */ = {isa = PBXBuildFile; fileRef = 33FAA6211FBD660900EF7942 /* testCocoaPodsUITests.m */; };
		33FAA6311FBD664200EF7942 /* TestViewController.m in Sources */ = {isa = PBXBuildFile; fileRef = 33FAA6301FBD664200EF7942 /* TestViewController.m */; };
/* End PBXBuildFile section */

/* Begin PBXContainerItemProxy section */
		33FAA6131FBD660900EF7942 /* PBXContainerItemProxy */ = {
			isa = PBXContainerItemProxy;
			containerPortal = 33FAA5F21FBD660800EF7942 /* Project object */;
			proxyType = 1;
			remoteGlobalIDString = 33FAA5F91FBD660800EF7942;
			remoteInfo = testCocoaPods;
		};
		33FAA61E1FBD660900EF7942 /* PBXContainerItemProxy */ = {
			isa = PBXContainerItemProxy;
			containerPortal = 33FAA5F21FBD660800EF7942 /* Project object */;
			proxyType = 1;
			remoteGlobalIDString = 33FAA5F91FBD660800EF7942;
			remoteInfo = testCocoaPods;
		};
/* End PBXContainerItemProxy section */

/* Begin PBXFileReference section */
		3363618F1FBD77CE00355F6F /* TTTTTTViewController.h */ = {isa = PBXFileReference; lastKnownFileType = sourcecode.c.h; path = TTTTTTViewController.h; sourceTree = "<group>"; };
		336361901FBD77CE00355F6F /* TTTTTTViewController.m */ = {isa = PBXFileReference; lastKnownFileType = sourcecode.c.objc; path = TTTTTTViewController.m; sourceTree = "<group>"; };
		33FAA5FA1FBD660800EF7942 /* testCocoaPods.app */ = {isa = PBXFileReference; explicitFileType = wrapper.application; includeInIndex = 0; path = testCocoaPods.app; sourceTree = BUILT_PRODUCTS_DIR; };
		33FAA5FD1FBD660800EF7942 /* AppDelegate.h */ = {isa = PBXFileReference; lastKnownFileType = sourcecode.c.h; path = AppDelegate.h; sourceTree = "<group>"; };
		33FAA5FE1FBD660800EF7942 /* AppDelegate.m */ = {isa = PBXFileReference; lastKnownFileType = sourcecode.c.objc; path = AppDelegate.m; sourceTree = "<group>"; };
		33FAA6001FBD660800EF7942 /* ViewController.h */ = {isa = PBXFileReference; lastKnownFileType = sourcecode.c.h; path = ViewController.h; sourceTree = "<group>"; };
		33FAA6011FBD660800EF7942 /* ViewController.m */ = {isa = PBXFileReference; lastKnownFileType = sourcecode.c.objc; path = ViewController.m; sourceTree = "<group>"; };
		33FAA6041FBD660800EF7942 /* Base */ = {isa = PBXFileReference; lastKnownFileType = file.storyboard; name = Base; path = Base.lproj/Main.storyboard; sourceTree = "<group>"; };
		33FAA6061FBD660800EF7942 /* Assets.xcassets */ = {isa = PBXFileReference; lastKnownFileType = folder.assetcatalog; path = Assets.xcassets; sourceTree = "<group>"; };
		33FAA6091FBD660800EF7942 /* Base */ = {isa = PBXFileReference; lastKnownFileType = file.storyboard; name = Base; path = Base.lproj/LaunchScreen.storyboard; sourceTree = "<group>"; };
		33FAA60B1FBD660800EF7942 /* Info.plist */ = {isa = PBXFileReference; lastKnownFileType = text.plist.xml; path = Info.plist; sourceTree = "<group>"; };
		33FAA60C1FBD660800EF7942 /* main.m */ = {isa = PBXFileReference; lastKnownFileType = sourcecode.c.objc; path = main.m; sourceTree = "<group>"; };
		33FAA6121FBD660900EF7942 /* testCocoaPodsTests.xctest */ = {isa = PBXFileReference; explicitFileType = wrapper.cfbundle; includeInIndex = 0; path = testCocoaPodsTests.xctest; sourceTree = BUILT_PRODUCTS_DIR; };
		33FAA6161FBD660900EF7942 /* testCocoaPodsTests.m */ = {isa = PBXFileReference; lastKnownFileType = sourcecode.c.objc; path = testCocoaPodsTests.m; sourceTree = "<group>"; };
		33FAA6181FBD660900EF7942 /* Info.plist */ = {isa = PBXFileReference; lastKnownFileType = text.plist.xml; path = Info.plist; sourceTree = "<group>"; };
		33FAA61D1FBD660900EF7942 /* testCocoaPodsUITests.xctest */ = {isa = PBXFileReference; explicitFileType = wrapper.cfbundle; includeInIndex = 0; path = testCocoaPodsUITests.xctest; sourceTree = BUILT_PRODUCTS_DIR; };
		33FAA6211FBD660900EF7942 /* testCocoaPodsUITests.m */ = {isa = PBXFileReference; lastKnownFileType = sourcecode.c.objc; path = testCocoaPodsUITests.m; sourceTree = "<group>"; };
		33FAA6231FBD660900EF7942 /* Info.plist */ = {isa = PBXFileReference; lastKnownFileType = text.plist.xml; path = Info.plist; sourceTree = "<group>"; };
		33FAA62F1FBD664200EF7942 /* TestViewController.h */ = {isa = PBXFileReference; lastKnownFileType = sourcecode.c.h; path = TestViewController.h; sourceTree = "<group>"; };
		33FAA6301FBD664200EF7942 /* TestViewController.m */ = {isa = PBXFileReference; lastKnownFileType = sourcecode.c.objc; path = TestViewController.m; sourceTree = "<group>"; };
/* End PBXFileReference section */

/* Begin PBXFrameworksBuildPhase section */
		33FAA5F71FBD660800EF7942 /* Frameworks */ = {
			isa = PBXFrameworksBuildPhase;
			buildActionMask = 2147483647;
			files = (
			);
			runOnlyForDeploymentPostprocessing = 0;
		};
		33FAA60F1FBD660900EF7942 /* Frameworks */ = {
			isa = PBXFrameworksBuildPhase;
			buildActionMask = 2147483647;
			files = (
			);
			runOnlyForDeploymentPostprocessing = 0;
		};
		33FAA61A1FBD660900EF7942 /* Frameworks */ = {
			isa = PBXFrameworksBuildPhase;
			buildActionMask = 2147483647;
			files = (
			);
			runOnlyForDeploymentPostprocessing = 0;
		};
/* End PBXFrameworksBuildPhase section */

/* Begin PBXGroup section */
		3363618E1FBD77C100355F6F /* TTTTT */ = {
			isa = PBXGroup;
			children = (
				3363618F1FBD77CE00355F6F /* TTTTTTViewController.h */,
				336361901FBD77CE00355F6F /* TTTTTTViewController.m */,
			);
			path = TTTTT;
			sourceTree = "<group>";
		};
		33FAA5F11FBD660800EF7942 = {
			isa = PBXGroup;
			children = (
				33FAA5FC1FBD660800EF7942 /* testCocoaPods */,
				33FAA6151FBD660900EF7942 /* testCocoaPodsTests */,
				33FAA6201FBD660900EF7942 /* testCocoaPodsUITests */,
				33FAA5FB1FBD660800EF7942 /* Products */,
			);
			sourceTree = "<group>";
		};
		33FAA5FB1FBD660800EF7942 /* Products */ = {
			isa = PBXGroup;
			children = (
				33FAA5FA1FBD660800EF7942 /* testCocoaPods.app */,
				33FAA6121FBD660900EF7942 /* testCocoaPodsTests.xctest */,
				33FAA61D1FBD660900EF7942 /* testCocoaPodsUITests.xctest */,
			);
			name = Products;
			sourceTree = "<group>";
		};
		33FAA5FC1FBD660800EF7942 /* testCocoaPods */ = {
			isa = PBXGroup;
			children = (
				3363618E1FBD77C100355F6F /* TTTTT */,
				33FAA5FD1FBD660800EF7942 /* AppDelegate.h */,
				33FAA5FE1FBD660800EF7942 /* AppDelegate.m */,
				33FAA6001FBD660800EF7942 /* ViewController.h */,
				33FAA6011FBD660800EF7942 /* ViewController.m */,
				33FAA62F1FBD664200EF7942 /* TestViewController.h */,
				33FAA6301FBD664200EF7942 /* TestViewController.m */,
				33FAA6031FBD660800EF7942 /* Main.storyboard */,
				33FAA6061FBD660800EF7942 /* Assets.xcassets */,
				33FAA6081FBD660800EF7942 /* LaunchScreen.storyboard */,
				33FAA60B1FBD660800EF7942 /* Info.plist */,
				33FAA60C1FBD660800EF7942 /* main.m */,
			);
			path = testCocoaPods;
			sourceTree = "<group>";
		};
		33FAA6151FBD660900EF7942 /* testCocoaPodsTests */ = {
			isa = PBXGroup;
			children = (
				33FAA6161FBD660900EF7942 /* testCocoaPodsTests.m */,
				33FAA6181FBD660900EF7942 /* Info.plist */,
			);
			path = testCocoaPodsTests;
			sourceTree = "<group>";
		};
		33FAA6201FBD660900EF7942 /* testCocoaPodsUITests */ = {
			isa = PBXGroup;
			children = (
				33FAA6211FBD660900EF7942 /* testCocoaPodsUITests.m */,
				33FAA6231FBD660900EF7942 /* Info.plist */,
			);
			path = testCocoaPodsUITests;
			sourceTree = "<group>";
		};
/* End PBXGroup section */

/* Begin PBXNativeTarget section */
		33FAA5F91FBD660800EF7942 /* testCocoaPods */ = {
			isa = PBXNativeTarget;
			buildConfigurationList = 33FAA6261FBD660900EF7942 /* Build configuration list for PBXNativeTarget "testCocoaPods" */;
			buildPhases = (
				33FAA5F61FBD660800EF7942 /* Sources */,
				33FAA5F71FBD660800EF7942 /* Frameworks */,
				33FAA5F81FBD660800EF7942 /* Resources */,
			);
			buildRules = (
			);
			dependencies = (
			);
			name = testCocoaPods;
			productName = testCocoaPods;
			productReference = 33FAA5FA1FBD660800EF7942 /* testCocoaPods.app */;
			productType = "com.apple.product-type.application";
		};
		33FAA6111FBD660900EF7942 /* testCocoaPodsTests */ = {
			isa = PBXNativeTarget;
			buildConfigurationList = 33FAA6291FBD660900EF7942 /* Build configuration list for PBXNativeTarget "testCocoaPodsTests" */;
			buildPhases = (
				33FAA60E1FBD660900EF7942 /* Sources */,
				33FAA60F1FBD660900EF7942 /* Frameworks */,
				33FAA6101FBD660900EF7942 /* Resources */,
			);
			buildRules = (
			);
			dependencies = (
				33FAA6141FBD660900EF7942 /* PBXTargetDependency */,
			);
			name = testCocoaPodsTests;
			productName = testCocoaPodsTests;
			productReference = 33FAA6121FBD660900EF7942 /* testCocoaPodsTests.xctest */;
			productType = "com.apple.product-type.bundle.unit-test";
		};
		33FAA61C1FBD660900EF7942 /* testCocoaPodsUITests */ = {
			isa = PBXNativeTarget;
			buildConfigurationList = 33FAA62C1FBD660900EF7942 /* Build configuration list for PBXNativeTarget "testCocoaPodsUITests" */;
			buildPhases = (
				33FAA6191FBD660900EF7942 /* Sources */,
				33FAA61A1FBD660900EF7942 /* Frameworks */,
				33FAA61B1FBD660900EF7942 /* Resources */,
			);
			buildRules = (
			);
			dependencies = (
				33FAA61F1FBD660900EF7942 /* PBXTargetDependency */,
			);
			name = testCocoaPodsUITests;
			productName = testCocoaPodsUITests;
			productReference = 33FAA61D1FBD660900EF7942 /* testCocoaPodsUITests.xctest */;
			productType = "com.apple.product-type.bundle.ui-testing";
		};
/* End PBXNativeTarget section */

/* Begin PBXProject section */
		33FAA5F21FBD660800EF7942 /* Project object */ = {
			isa = PBXProject;
			attributes = {
				LastUpgradeCheck = 0900;
				ORGANIZATIONNAME = sky;
				TargetAttributes = {
					33FAA5F91FBD660800EF7942 = {
						CreatedOnToolsVersion = 9.0;
						ProvisioningStyle = Automatic;
					};
					33FAA6111FBD660900EF7942 = {
						CreatedOnToolsVersion = 9.0;
						ProvisioningStyle = Automatic;
						TestTargetID = 33FAA5F91FBD660800EF7942;
					};
					33FAA61C1FBD660900EF7942 = {
						CreatedOnToolsVersion = 9.0;
						ProvisioningStyle = Automatic;
						TestTargetID = 33FAA5F91FBD660800EF7942;
					};
				};
			};
			buildConfigurationList = 33FAA5F51FBD660800EF7942 /* Build configuration list for PBXProject "testCocoaPods" */;
			compatibilityVersion = "Xcode 8.0";
			developmentRegion = en;
			hasScannedForEncodings = 0;
			knownRegions = (
				en,
				Base,
			);
			mainGroup = 33FAA5F11FBD660800EF7942;
			productRefGroup = 33FAA5FB1FBD660800EF7942 /* Products */;
			projectDirPath = "";
			projectRoot = "";
			targets = (
				33FAA5F91FBD660800EF7942 /* testCocoaPods */,
				33FAA6111FBD660900EF7942 /* testCocoaPodsTests */,
				33FAA61C1FBD660900EF7942 /* testCocoaPodsUITests */,
			);
		};
/* End PBXProject section */

/* Begin PBXResourcesBuildPhase section */
		33FAA5F81FBD660800EF7942 /* Resources */ = {
			isa = PBXResourcesBuildPhase;
			buildActionMask = 2147483647;
			files = (
				33FAA60A1FBD660800EF7942 /* LaunchScreen.storyboard in Resources */,
				33FAA6071FBD660800EF7942 /* Assets.xcassets in Resources */,
				33FAA6051FBD660800EF7942 /* Main.storyboard in Resources */,
			);
			runOnlyForDeploymentPostprocessing = 0;
		};
		33FAA6101FBD660900EF7942 /* Resources */ = {
			isa = PBXResourcesBuildPhase;
			buildActionMask = 2147483647;
			files = (
			);
			runOnlyForDeploymentPostprocessing = 0;
		};
		33FAA61B1FBD660900EF7942 /* Resources */ = {
			isa = PBXResourcesBuildPhase;
			buildActionMask = 2147483647;
			files = (
			);
			runOnlyForDeploymentPostprocessing = 0;
		};
/* End PBXResourcesBuildPhase section */

/* Begin PBXSourcesBuildPhase section */
		33FAA5F61FBD660800EF7942 /* Sources */ = {
			isa = PBXSourcesBuildPhase;
			buildActionMask = 2147483647;
			files = (
				33FAA6021FBD660800EF7942 /* ViewController.m in Sources */,
				336361911FBD77CE00355F6F /* TTTTTTViewController.m in Sources */,
				33FAA60D1FBD660800EF7942 /* main.m in Sources */,
				33FAA6311FBD664200EF7942 /* TestViewController.m in Sources */,
				33FAA5FF1FBD660800EF7942 /* AppDelegate.m in Sources */,
			);
			runOnlyForDeploymentPostprocessing = 0;
		};
		33FAA60E1FBD660900EF7942 /* Sources */ = {
			isa = PBXSourcesBuildPhase;
			buildActionMask = 2147483647;
			files = (
				33FAA6171FBD660900EF7942 /* testCocoaPodsTests.m in Sources */,
			);
			runOnlyForDeploymentPostprocessing = 0;
		};
		33FAA6191FBD660900EF7942 /* Sources */ = {
			isa = PBXSourcesBuildPhase;
			buildActionMask = 2147483647;
			files = (
				33FAA6221FBD660900EF7942 /* testCocoaPodsUITests.m in Sources */,
			);
			runOnlyForDeploymentPostprocessing = 0;
		};
/* End PBXSourcesBuildPhase section */

/* Begin PBXTargetDependency section */
		33FAA6141FBD660900EF7942 /* PBXTargetDependency */ = {
			isa = PBXTargetDependency;
			target = 33FAA5F91FBD660800EF7942 /* testCocoaPods */;
			targetProxy = 33FAA6131FBD660900EF7942 /* PBXContainerItemProxy */;
		};
		33FAA61F1FBD660900EF7942 /* PBXTargetDependency */ = {
			isa = PBXTargetDependency;
			target = 33FAA5F91FBD660800EF7942 /* testCocoaPods */;
			targetProxy = 33FAA61E1FBD660900EF7942 /* PBXContainerItemProxy */;
		};
/* End PBXTargetDependency section */

/* Begin PBXVariantGroup section */
		33FAA6031FBD660800EF7942 /* Main.storyboard */ = {
			isa = PBXVariantGroup;
			children = (
				33FAA6041FBD660800EF7942 /* Base */,
			);
			name = Main.storyboard;
			sourceTree = "<group>";
		};
		33FAA6081FBD660800EF7942 /* LaunchScreen.storyboard */ = {
			isa = PBXVariantGroup;
			children = (
				33FAA6091FBD660800EF7942 /* Base */,
			);
			name = LaunchScreen.storyboard;
			sourceTree = "<group>";
		};
/* End PBXVariantGroup section */

/* Begin XCBuildConfiguration section */
		33FAA6241FBD660900EF7942 /* Debug */ = {
			isa = XCBuildConfiguration;
			buildSettings = {
				ALWAYS_SEARCH_USER_PATHS = NO;
				CLANG_ANALYZER_NONNULL = YES;
				CLANG_ANALYZER_NUMBER_OBJECT_CONVERSION = YES_AGGRESSIVE;
				CLANG_CXX_LANGUAGE_STANDARD = "gnu++14";
				CLANG_CXX_LIBRARY = "libc++";
				CLANG_ENABLE_MODULES = YES;
				CLANG_ENABLE_OBJC_ARC = YES;
				CLANG_WARN_BLOCK_CAPTURE_AUTORELEASING = YES;
				CLANG_WARN_BOOL_CONVERSION = YES;
				CLANG_WARN_COMMA = YES;
				CLANG_WARN_CONSTANT_CONVERSION = YES;
				CLANG_WARN_DIRECT_OBJC_ISA_USAGE = YES_ERROR;
				CLANG_WARN_DOCUMENTATION_COMMENTS = YES;
				CLANG_WARN_EMPTY_BODY = YES;
				CLANG_WARN_ENUM_CONVERSION = YES;
				CLANG_WARN_INFINITE_RECURSION = YES;
				CLANG_WARN_INT_CONVERSION = YES;
				CLANG_WARN_NON_LITERAL_NULL_CONVERSION = YES;
				CLANG_WARN_OBJC_LITERAL_CONVERSION = YES;
				CLANG_WARN_OBJC_ROOT_CLASS = YES_ERROR;
				CLANG_WARN_RANGE_LOOP_ANALYSIS = YES;
				CLANG_WARN_STRICT_PROTOTYPES = YES;
				CLANG_WARN_SUSPICIOUS_MOVE = YES;
				CLANG_WARN_UNGUARDED_AVAILABILITY = YES_AGGRESSIVE;
				CLANG_WARN_UNREACHABLE_CODE = YES;
				CLANG_WARN__DUPLICATE_METHOD_MATCH = YES;
				CODE_SIGN_IDENTITY = "iPhone Developer";
				COPY_PHASE_STRIP = NO;
				DEBUG_INFORMATION_FORMAT = dwarf;
				ENABLE_STRICT_OBJC_MSGSEND = YES;
				ENABLE_TESTABILITY = YES;
				GCC_C_LANGUAGE_STANDARD = gnu11;
				GCC_DYNAMIC_NO_PIC = NO;
				GCC_NO_COMMON_BLOCKS = YES;
				GCC_OPTIMIZATION_LEVEL = 0;
				GCC_PREPROCESSOR_DEFINITIONS = (
					"DEBUG=1",
					"$(inherited)",
				);
				GCC_WARN_64_TO_32_BIT_CONVERSION = YES;
				GCC_WARN_ABOUT_RETURN_TYPE = YES_ERROR;
				GCC_WARN_UNDECLARED_SELECTOR = YES;
				GCC_WARN_UNINITIALIZED_AUTOS = YES_AGGRESSIVE;
				GCC_WARN_UNUSED_FUNCTION = YES;
				GCC_WARN_UNUSED_VARIABLE = YES;
				IPHONEOS_DEPLOYMENT_TARGET = 11.0;
				MTL_ENABLE_DEBUG_INFO = YES;
				ONLY_ACTIVE_ARCH = YES;
				SDKROOT = iphoneos;
			};
			name = Debug;
		};
		33FAA6251FBD660900EF7942 /* Release */ = {
			isa = XCBuildConfiguration;
			buildSettings = {
				ALWAYS_SEARCH_USER_PATHS = NO;
				CLANG_ANALYZER_NONNULL = YES;
				CLANG_ANALYZER_NUMBER_OBJECT_CONVERSION = YES_AGGRESSIVE;
				CLANG_CXX_LANGUAGE_STANDARD = "gnu++14";
				CLANG_CXX_LIBRARY = "libc++";
				CLANG_ENABLE_MODULES = YES;
				CLANG_ENABLE_OBJC_ARC = YES;
				CLANG_WARN_BLOCK_CAPTURE_AUTORELEASING = YES;
				CLANG_WARN_BOOL_CONVERSION = YES;
				CLANG_WARN_COMMA = YES;
				CLANG_WARN_CONSTANT_CONVERSION = YES;
				CLANG_WARN_DIRECT_OBJC_ISA_USAGE = YES_ERROR;
				CLANG_WARN_DOCUMENTATION_COMMENTS = YES;
				CLANG_WARN_EMPTY_BODY = YES;
				CLANG_WARN_ENUM_CONVERSION = YES;
				CLANG_WARN_INFINITE_RECURSION = YES;
				CLANG_WARN_INT_CONVERSION = YES;
				CLANG_WARN_NON_LITERAL_NULL_CONVERSION = YES;
				CLANG_WARN_OBJC_LITERAL_CONVERSION = YES;
				CLANG_WARN_OBJC_ROOT_CLASS = YES_ERROR;
				CLANG_WARN_RANGE_LOOP_ANALYSIS = YES;
				CLANG_WARN_STRICT_PROTOTYPES = YES;
				CLANG_WARN_SUSPICIOUS_MOVE = YES;
				CLANG_WARN_UNGUARDED_AVAILABILITY = YES_AGGRESSIVE;
				CLANG_WARN_UNREACHABLE_CODE = YES;
				CLANG_WARN__DUPLICATE_METHOD_MATCH = YES;
				CODE_SIGN_IDENTITY = "iPhone Developer";
				COPY_PHASE_STRIP = NO;
				DEBUG_INFORMATION_FORMAT = "dwarf-with-dsym";
				ENABLE_NS_ASSERTIONS = NO;
				ENABLE_STRICT_OBJC_MSGSEND = YES;
				GCC_C_LANGUAGE_STANDARD = gnu11;
				GCC_NO_COMMON_BLOCKS = YES;
				GCC_WARN_64_TO_32_BIT_CONVERSION = YES;
				GCC_WARN_ABOUT_RETURN_TYPE = YES_ERROR;
				GCC_WARN_UNDECLARED_SELECTOR = YES;
				GCC_WARN_UNINITIALIZED_AUTOS = YES_AGGRESSIVE;
				GCC_WARN_UNUSED_FUNCTION = YES;
				GCC_WARN_UNUSED_VARIABLE = YES;
				IPHONEOS_DEPLOYMENT_TARGET = 11.0;
				MTL_ENABLE_DEBUG_INFO = NO;
				SDKROOT = iphoneos;
				VALIDATE_PRODUCT = YES;
			};
			name = Release;
		};
		33FAA6271FBD660900EF7942 /* Debug */ = {
			isa = XCBuildConfiguration;
			buildSettings = {
				ASSETCATALOG_COMPILER_APPICON_NAME = AppIcon;
				CODE_SIGN_STYLE = Automatic;
				INFOPLIST_FILE = testCocoaPods/Info.plist;
				IPHONEOS_DEPLOYMENT_TARGET = 8.0;
				LD_RUNPATH_SEARCH_PATHS = "$(inherited) @executable_path/Frameworks";
				PRODUCT_BUNDLE_IDENTIFIER = com.banking..testCocoaPods;
				PRODUCT_NAME = "$(TARGET_NAME)";
				TARGETED_DEVICE_FAMILY = "1,2";
			};
			name = Debug;
		};
		33FAA6281FBD660900EF7942 /* Release */ = {
			isa = XCBuildConfiguration;
			buildSettings = {
				ASSETCATALOG_COMPILER_APPICON_NAME = AppIcon;
				CODE_SIGN_STYLE = Automatic;
				INFOPLIST_FILE = testCocoaPods/Info.plist;
				IPHONEOS_DEPLOYMENT_TARGET = 8.0;
				LD_RUNPATH_SEARCH_PATHS = "$(inherited) @executable_path/Frameworks";
				PRODUCT_BUNDLE_IDENTIFIER = com.banking..testCocoaPods;
				PRODUCT_NAME = "$(TARGET_NAME)";
				TARGETED_DEVICE_FAMILY = "1,2";
			};
			name = Release;
		};
		33FAA62A1FBD660900EF7942 /* Debug */ = {
			isa = XCBuildConfiguration;
			buildSettings = {
				BUNDLE_LOADER = "$(TEST_HOST)";
				CODE_SIGN_STYLE = Automatic;
				INFOPLIST_FILE = testCocoaPodsTests/Info.plist;
				LD_RUNPATH_SEARCH_PATHS = "$(inherited) @executable_path/Frameworks @loader_path/Frameworks";
				PRODUCT_BUNDLE_IDENTIFIER = com.banking..testCocoaPodsTests;
				PRODUCT_NAME = "$(TARGET_NAME)";
				TARGETED_DEVICE_FAMILY = "1,2";
				TEST_HOST = "$(BUILT_PRODUCTS_DIR)/testCocoaPods.app/testCocoaPods";
			};
			name = Debug;
		};
		33FAA62B1FBD660900EF7942 /* Release */ = {
			isa = XCBuildConfiguration;
			buildSettings = {
				BUNDLE_LOADER = "$(TEST_HOST)";
				CODE_SIGN_STYLE = Automatic;
				INFOPLIST_FILE = testCocoaPodsTests/Info.plist;
				LD_RUNPATH_SEARCH_PATHS = "$(inherited) @executable_path/Frameworks @loader_path/Frameworks";
				PRODUCT_BUNDLE_IDENTIFIER = com.banking..testCocoaPodsTests;
				PRODUCT_NAME = "$(TARGET_NAME)";
				TARGETED_DEVICE_FAMILY = "1,2";
				TEST_HOST = "$(BUILT_PRODUCTS_DIR)/testCocoaPods.app/testCocoaPods";
			};
			name = Release;
		};
		33FAA62D1FBD660900EF7942 /* Debug */ = {
			isa = XCBuildConfiguration;
			buildSettings = {
				CODE_SIGN_STYLE = Automatic;
				INFOPLIST_FILE = testCocoaPodsUITests/Info.plist;
				LD_RUNPATH_SEARCH_PATHS = "$(inherited) @executable_path/Frameworks @loader_path/Frameworks";
				PRODUCT_BUNDLE_IDENTIFIER = com.banking..testCocoaPodsUITests;
				PRODUCT_NAME = "$(TARGET_NAME)";
				TARGETED_DEVICE_FAMILY = "1,2";
				TEST_TARGET_NAME = testCocoaPods;
			};
			name = Debug;
		};
		33FAA62E1FBD660900EF7942 /* Release */ = {
			isa = XCBuildConfiguration;
			buildSettings = {
				CODE_SIGN_STYLE = Automatic;
				INFOPLIST_FILE = testCocoaPodsUITests/Info.plist;
				LD_RUNPATH_SEARCH_PATHS = "$(inherited) @executable_path/Frameworks @loader_path/Frameworks";
				PRODUCT_BUNDLE_IDENTIFIER = com.banking..testCocoaPodsUITests;
				PRODUCT_NAME = "$(TARGET_NAME)";
				TARGETED_DEVICE_FAMILY = "1,2";
				TEST_TARGET_NAME = testCocoaPods;
			};
			name = Release;
		};
/* End XCBuildConfiguration section */

/* Begin XCConfigurationList section */
		33FAA5F51FBD660800EF7942 /* Build configuration list for PBXProject "testCocoaPods" */ = {
			isa = XCConfigurationList;
			buildConfigurations = (
				33FAA6241FBD660900EF7942 /* Debug */,
				33FAA6251FBD660900EF7942 /* Release */,
			);
			defaultConfigurationIsVisible = 0;
			defaultConfigurationName = Release;
		};
		33FAA6261FBD660900EF7942 /* Build configuration list for PBXNativeTarget "testCocoaPods" */ = {
			isa = XCConfigurationList;
			buildConfigurations = (
				33FAA6271FBD660900EF7942 /* Debug */,
				33FAA6281FBD660900EF7942 /* Release */,
			);
			defaultConfigurationIsVisible = 0;
			defaultConfigurationName = Release;
		};
		33FAA6291FBD660900EF7942 /* Build configuration list for PBXNativeTarget "testCocoaPodsTests" */ = {
			isa = XCConfigurationList;
			buildConfigurations = (
				33FAA62A1FBD660900EF7942 /* Debug */,
				33FAA62B1FBD660900EF7942 /* Release */,
			);
			defaultConfigurationIsVisible = 0;
			defaultConfigurationName = Release;
		};
		33FAA62C1FBD660900EF7942 /* Build configuration list for PBXNativeTarget "testCocoaPodsUITests" */ = {
			isa = XCConfigurationList;
			buildConfigurations = (
				33FAA62D1FBD660900EF7942 /* Debug */,
				33FAA62E1FBD660900EF7942 /* Release */,
			);
			defaultConfigurationIsVisible = 0;
			defaultConfigurationName = Release;
		};
/* End XCConfigurationList section */
	};
	rootObject = 33FAA5F21FBD660800EF7942 /* Project object */;
}
